{
  "requires": true,
  "lockfileVersion": 1,
  "dependencies": {
    "bootstrap-multiselect": {
      "version": "0.9.15",
      "resolved": "https://registry.npmjs.org/bootstrap-multiselect/-/bootstrap-multiselect-0.9.15.tgz",
      "integrity": "sha512-UwF32a0QR82xkEEGpuNrn57Bu0b/7DfCuoiOaziSHfQKFj5arR6c7+MYLs5RiIf3zl4XZ+YnY7ZBi6/EN3vEZA==",
      "requires": {
        "jquery": "~2.1.3"
      }
    },
    "jquery": {
      "version": "2.1.4",
      "resolved": "https://registry.npmjs.org/jquery/-/jquery-2.1.4.tgz",
      "integrity": "sha1-IoveaYoMYUMdwmMKahVPFYkNIxc="
    },
    "jquery-multiselect": {
      "version": "1.0.0",
      "resolved": "https://registry.npmjs.org/jquery-multiselect/-/jquery-multiselect-1.0.0.tgz",
      "integrity": "sha1-KzEl/RCb++8dS+VNyEcUNnjHGyw="
    }
  }
}
